
Microsoft Visual Studio Solution File, Format Version 12.00
# Visual Studio Version 16
VisualStudioVersion = 16.0.32228.343
MinimumVisualStudioVersion = 10.0.40219.1
Project("{FAE04EC0-301F-11D3-BF4B-00C04F79EFBC}") = "Mercado", "Mercado\Mercado.csproj", "{3B3B4FFE-9B50-465B-84EE-E90F0B1F0CFF}"
EndProject
Global
	GlobalSection(SolutionConfigurationPlatforms) = preSolution
		Debug|Any CPU = Debug|Any CPU
		Release|Any CPU = Release|Any CPU
	EndGlobalSection
	GlobalSection(ProjectConfigurationPlatforms) = postSolution
		{3B3B4FFE-9B50-465B-84EE-E90F0B1F0CFF}.Debug|Any CPU.ActiveCfg = Debug|Any CPU
		{3B3B4FFE-9B50-465B-84EE-E90F0B1F0CFF}.Debug|Any CPU.Build.0 = Debug|Any CPU
		{3B3B4FFE-9B50-465B-84EE-E90F0B1F0CFF}.Release|Any CPU.ActiveCfg = Release|Any CPU
		{3B3B4FFE-9B50-465B-84EE-E90F0B1F0CFF}.Release|Any CPU.Build.0 = Release|Any CPU
	EndGlobalSection
	GlobalSection(SolutionProperties) = preSolution
		HideSolutionNode = FALSE
	EndGlobalSection
	GlobalSection(ExtensibilityGlobals) = postSolution
		SolutionGuid = {5C7507D3-D504-446E-8624-A88E26DBB9E6}
	EndGlobalSection
EndGlobal
